<?xml version="1.0" encoding="utf-8"?>
<Project ToolsVersion="4.0" xmlns="http://schemas.microsoft.com/developer/msbuild/2003">
  <ItemGroup>
    <Filter Include="Quelldateien">
      <UniqueIdentifier>{4FC737F1-C7A5-4376-A066-2A32D752A2FF}</UniqueIdentifier>
      <Extensions>cpp;c;cc;cxx;def;odl;idl;hpj;bat;asm;asmx</Extensions>
    </Filter>
    <Filter Include="Source SDK Header">
      <UniqueIdentifier>{caf9d5ce-3779-4bc9-929f-4ac776428ba3}</UniqueIdentifier>
    </Filter>
    <Filter Include="Header Only Classes">
      <UniqueIdentifier>{93995380-89BD-4b04-88EB-625FBE52EBFB}</UniqueIdentifier>
      <Extensions>h;hh;hpp;hxx;hm;inl;inc;xsd</Extensions>
    </Filter>
    <Filter Include="Namespaces">
      <UniqueIdentifier>{f517b958-9c0d-42e6-9f74-db7bb2d0e5db}</UniqueIdentifier>
    </Filter>
  </ItemGroup>
  <ItemGroup>
    <ClCompile Include="cExterns.cpp">
      <Filter>Namespaces</Filter>
    </ClCompile>
    <ClCompile Include="cDrawing.cpp">
      <Filter>Quelldateien</Filter>
    </ClCompile>
    <ClCompile Include="dllmain.cpp">
      <Filter>Quelldateien</Filter>
    </ClCompile>
  </ItemGroup>
  <ItemGroup>
    <ClInclude Include="cBaseEntity.hpp">
      <Filter>Header Only Classes</Filter>
    </ClInclude>
    <ClInclude Include="cColor.hpp">
      <Filter>Header Only Classes</Filter>
    </ClInclude>
    <ClInclude Include="cDrawing.hpp">
      <Filter>Header Only Classes</Filter>
    </ClInclude>
    <ClInclude Include="cMemoryUtil.hpp">
      <Filter>Header Only Classes</Filter>
    </ClInclude>
    <ClInclude Include="cNetVars.hpp">
      <Filter>Header Only Classes</Filter>
    </ClInclude>
    <ClInclude Include="cUsing.hpp">
      <Filter>Header Only Classes</Filter>
    </ClInclude>
    <ClInclude Include="cVTable.hpp">
      <Filter>Header Only Classes</Filter>
    </ClInclude>
    <ClInclude Include="cExterns.hpp">
      <Filter>Namespaces</Filter>
    </ClInclude>
    <ClInclude Include="cBaseClientDll.hpp">
      <Filter>Source SDK Header</Filter>
    </ClInclude>
    <ClInclude Include="cClientClass.hpp">
      <Filter>Source SDK Header</Filter>
    </ClInclude>
    <ClInclude Include="cClientEntityList.hpp">
      <Filter>Source SDK Header</Filter>
    </ClInclude>
    <ClInclude Include="cCollideable.hpp">
      <Filter>Source SDK Header</Filter>
    </ClInclude>
    <ClInclude Include="cEngineClient.hpp">
      <Filter>Source SDK Header</Filter>
    </ClInclude>
    <ClInclude Include="cPanel.hpp">
      <Filter>Source SDK Header</Filter>
    </ClInclude>
    <ClInclude Include="cPlayerInfo.hpp">
      <Filter>Source SDK Header</Filter>
    </ClInclude>
    <ClInclude Include="cRecvTable.hpp">
      <Filter>Source SDK Header</Filter>
    </ClInclude>
    <ClInclude Include="cSurface.hpp">
      <Filter>Source SDK Header</Filter>
    </ClInclude>
    <ClInclude Include="cVector.hpp">
      <Filter>Source SDK Header</Filter>
    </ClInclude>
    <ClInclude Include="cVector2D.hpp">
      <Filter>Source SDK Header</Filter>
    </ClInclude>
    <ClInclude Include="cVertex.hpp">
      <Filter>Source SDK Header</Filter>
    </ClInclude>
    <ClInclude Include="cVMatrix.hpp">
      <Filter>Source SDK Header</Filter>
    </ClInclude>
    <ClInclude Include="eClassId.hpp">
      <Filter>Source SDK Header</Filter>
    </ClInclude>
  </ItemGroup>
</Project>